
Microsoft Visual Studio Solution File, Format Version 12.00
# Visual Studio Version 17
VisualStudioVersion = 17.0.31903.59
MinimumVisualStudioVersion = 10.0.40219.1
Project("{2150E333-8FDC-42A3-9474-1A3956D46DE8}") = "src", "src", "{827E0CD3-B72D-47B6-A68D-7590B98EB39B}"
EndProject
Project("{FAE04EC0-301F-11D3-BF4B-00C04F79EFBC}") = "RBMS.Api", "src\RBMS.Api\RBMS.Api.csproj", "{F4BB7C91-6678-43DF-9764-EE5AB7F9A0B8}"
EndProject
Project("{FAE04EC0-301F-11D3-BF4B-00C04F79EFBC}") = "RBMS.Application", "src\RBMS.Application\RBMS.Application.csproj", "{C962D2A9-2E1B-400C-92B8-1C315B0A5A53}"
EndProject
Project("{FAE04EC0-301F-11D3-BF4B-00C04F79EFBC}") = "RBMS.Domain", "src\RBMS.Domain\RBMS.Domain.csproj", "{8478C883-66ED-4B7D-9180-B604F21EE40B}"
EndProject
Project("{FAE04EC0-301F-11D3-BF4B-00C04F79EFBC}") = "RBMS.Infrastructure", "src\RBMS.Infrastructure\RBMS.Infrastructure.csproj", "{06C4FD13-8175-44F3-BAF0-DB3BC82ED02F}"
EndProject
Project("{FAE04EC0-301F-11D3-BF4B-00C04F79EFBC}") = "RBMS.IntegrationTests", "tests\RBMS.IntegrationTests\RBMS.IntegrationTests.csproj", "{0D5FAA66-81CF-4163-8DCB-6C90364347E5}"
EndProject
Project("{FAE04EC0-301F-11D3-BF4B-00C04F79EFBC}") = "RBMS.UnitTests", "tests\RBMS.UnitTests\RBMS.UnitTests.csproj", "{8201AA0F-1658-4123-9F25-E1569C64B550}"
EndProject
Global
	GlobalSection(SolutionConfigurationPlatforms) = preSolution
		Debug|Any CPU = Debug|Any CPU
		Debug|x64 = Debug|x64
		Debug|x86 = Debug|x86
		Release|Any CPU = Release|Any CPU
		Release|x64 = Release|x64
		Release|x86 = Release|x86
	EndGlobalSection
	GlobalSection(ProjectConfigurationPlatforms) = postSolution
		{F4BB7C91-6678-43DF-9764-EE5AB7F9A0B8}.Debug|Any CPU.ActiveCfg = Debug|Any CPU
		{F4BB7C91-6678-43DF-9764-EE5AB7F9A0B8}.Debug|Any CPU.Build.0 = Debug|Any CPU
		{F4BB7C91-6678-43DF-9764-EE5AB7F9A0B8}.Debug|x64.ActiveCfg = Debug|Any CPU
		{F4BB7C91-6678-43DF-9764-EE5AB7F9A0B8}.Debug|x64.Build.0 = Debug|Any CPU
		{F4BB7C91-6678-43DF-9764-EE5AB7F9A0B8}.Debug|x86.ActiveCfg = Debug|Any CPU
		{F4BB7C91-6678-43DF-9764-EE5AB7F9A0B8}.Debug|x86.Build.0 = Debug|Any CPU
		{F4BB7C91-6678-43DF-9764-EE5AB7F9A0B8}.Release|Any CPU.ActiveCfg = Release|Any CPU
		{F4BB7C91-6678-43DF-9764-EE5AB7F9A0B8}.Release|Any CPU.Build.0 = Release|Any CPU
		{F4BB7C91-6678-43DF-9764-EE5AB7F9A0B8}.Release|x64.ActiveCfg = Release|Any CPU
		{F4BB7C91-6678-43DF-9764-EE5AB7F9A0B8}.Release|x64.Build.0 = Release|Any CPU
		{F4BB7C91-6678-43DF-9764-EE5AB7F9A0B8}.Release|x86.ActiveCfg = Release|Any CPU
		{F4BB7C91-6678-43DF-9764-EE5AB7F9A0B8}.Release|x86.Build.0 = Release|Any CPU
		{C962D2A9-2E1B-400C-92B8-1C315B0A5A53}.Debug|Any CPU.ActiveCfg = Debug|Any CPU
		{C962D2A9-2E1B-400C-92B8-1C315B0A5A53}.Debug|Any CPU.Build.0 = Debug|Any CPU
		{C962D2A9-2E1B-400C-92B8-1C315B0A5A53}.Debug|x64.ActiveCfg = Debug|Any CPU
		{C962D2A9-2E1B-400C-92B8-1C315B0A5A53}.Debug|x64.Build.0 = Debug|Any CPU
		{C962D2A9-2E1B-400C-92B8-1C315B0A5A53}.Debug|x86.ActiveCfg = Debug|Any CPU
		{C962D2A9-2E1B-400C-92B8-1C315B0A5A53}.Debug|x86.Build.0 = Debug|Any CPU
		{C962D2A9-2E1B-400C-92B8-1C315B0A5A53}.Release|Any CPU.ActiveCfg = Release|Any CPU
		{C962D2A9-2E1B-400C-92B8-1C315B0A5A53}.Release|Any CPU.Build.0 = Release|Any CPU
		{C962D2A9-2E1B-400C-92B8-1C315B0A5A53}.Release|x64.ActiveCfg = Release|Any CPU
		{C962D2A9-2E1B-400C-92B8-1C315B0A5A53}.Release|x64.Build.0 = Release|Any CPU
		{C962D2A9-2E1B-400C-92B8-1C315B0A5A53}.Release|x86.ActiveCfg = Release|Any CPU
		{C962D2A9-2E1B-400C-92B8-1C315B0A5A53}.Release|x86.Build.0 = Release|Any CPU
		{8478C883-66ED-4B7D-9180-B604F21EE40B}.Debug|Any CPU.ActiveCfg = Debug|Any CPU
		{8478C883-66ED-4B7D-9180-B604F21EE40B}.Debug|Any CPU.Build.0 = Debug|Any CPU
		{8478C883-66ED-4B7D-9180-B604F21EE40B}.Debug|x64.ActiveCfg = Debug|Any CPU
		{8478C883-66ED-4B7D-9180-B604F21EE40B}.Debug|x64.Build.0 = Debug|Any CPU
		{8478C883-66ED-4B7D-9180-B604F21EE40B}.Debug|x86.ActiveCfg = Debug|Any CPU
		{8478C883-66ED-4B7D-9180-B604F21EE40B}.Debug|x86.Build.0 = Debug|Any CPU
		{8478C883-66ED-4B7D-9180-B604F21EE40B}.Release|Any CPU.ActiveCfg = Release|Any CPU
		{8478C883-66ED-4B7D-9180-B604F21EE40B}.Release|Any CPU.Build.0 = Release|Any CPU
		{8478C883-66ED-4B7D-9180-B604F21EE40B}.Release|x64.ActiveCfg = Release|Any CPU
		{8478C883-66ED-4B7D-9180-B604F21EE40B}.Release|x64.Build.0 = Release|Any CPU
		{8478C883-66ED-4B7D-9180-B604F21EE40B}.Release|x86.ActiveCfg = Release|Any CPU
		{8478C883-66ED-4B7D-9180-B604F21EE40B}.Release|x86.Build.0 = Release|Any CPU
		{06C4FD13-8175-44F3-BAF0-DB3BC82ED02F}.Debug|Any CPU.ActiveCfg = Debug|Any CPU
		{06C4FD13-8175-44F3-BAF0-DB3BC82ED02F}.Debug|Any CPU.Build.0 = Debug|Any CPU
		{06C4FD13-8175-44F3-BAF0-DB3BC82ED02F}.Debug|x64.ActiveCfg = Debug|Any CPU
		{06C4FD13-8175-44F3-BAF0-DB3BC82ED02F}.Debug|x64.Build.0 = Debug|Any CPU
		{06C4FD13-8175-44F3-BAF0-DB3BC82ED02F}.Debug|x86.ActiveCfg = Debug|Any CPU
		{06C4FD13-8175-44F3-BAF0-DB3BC82ED02F}.Debug|x86.Build.0 = Debug|Any CPU
		{06C4FD13-8175-44F3-BAF0-DB3BC82ED02F}.Release|Any CPU.ActiveCfg = Release|Any CPU
		{06C4FD13-8175-44F3-BAF0-DB3BC82ED02F}.Release|Any CPU.Build.0 = Release|Any CPU
		{06C4FD13-8175-44F3-BAF0-DB3BC82ED02F}.Release|x64.ActiveCfg = Release|Any CPU
		{06C4FD13-8175-44F3-BAF0-DB3BC82ED02F}.Release|x64.Build.0 = Release|Any CPU
		{06C4FD13-8175-44F3-BAF0-DB3BC82ED02F}.Release|x86.ActiveCfg = Release|Any CPU
		{06C4FD13-8175-44F3-BAF0-DB3BC82ED02F}.Release|x86.Build.0 = Release|Any CPU
		{0D5FAA66-81CF-4163-8DCB-6C90364347E5}.Debug|Any CPU.ActiveCfg = Debug|Any CPU
		{0D5FAA66-81CF-4163-8DCB-6C90364347E5}.Debug|Any CPU.Build.0 = Debug|Any CPU
		{0D5FAA66-81CF-4163-8DCB-6C90364347E5}.Debug|x64.ActiveCfg = Debug|Any CPU
		{0D5FAA66-81CF-4163-8DCB-6C90364347E5}.Debug|x64.Build.0 = Debug|Any CPU
		{0D5FAA66-81CF-4163-8DCB-6C90364347E5}.Debug|x86.ActiveCfg = Debug|Any CPU
		{0D5FAA66-81CF-4163-8DCB-6C90364347E5}.Debug|x86.Build.0 = Debug|Any CPU
		{0D5FAA66-81CF-4163-8DCB-6C90364347E5}.Release|Any CPU.ActiveCfg = Release|Any CPU
		{0D5FAA66-81CF-4163-8DCB-6C90364347E5}.Release|Any CPU.Build.0 = Release|Any CPU
		{0D5FAA66-81CF-4163-8DCB-6C90364347E5}.Release|x64.ActiveCfg = Release|Any CPU
		{0D5FAA66-81CF-4163-8DCB-6C90364347E5}.Release|x64.Build.0 = Release|Any CPU
		{0D5FAA66-81CF-4163-8DCB-6C90364347E5}.Release|x86.ActiveCfg = Release|Any CPU
		{0D5FAA66-81CF-4163-8DCB-6C90364347E5}.Release|x86.Build.0 = Release|Any CPU
		{8201AA0F-1658-4123-9F25-E1569C64B550}.Debug|Any CPU.ActiveCfg = Debug|Any CPU
		{8201AA0F-1658-4123-9F25-E1569C64B550}.Debug|Any CPU.Build.0 = Debug|Any CPU
		{8201AA0F-1658-4123-9F25-E1569C64B550}.Debug|x64.ActiveCfg = Debug|Any CPU
		{8201AA0F-1658-4123-9F25-E1569C64B550}.Debug|x64.Build.0 = Debug|Any CPU
		{8201AA0F-1658-4123-9F25-E1569C64B550}.Debug|x86.ActiveCfg = Debug|Any CPU
		{8201AA0F-1658-4123-9F25-E1569C64B550}.Debug|x86.Build.0 = Debug|Any CPU
		{8201AA0F-1658-4123-9F25-E1569C64B550}.Release|Any CPU.ActiveCfg = Release|Any CPU
		{8201AA0F-1658-4123-9F25-E1569C64B550}.Release|Any CPU.Build.0 = Release|Any CPU
		{8201AA0F-1658-4123-9F25-E1569C64B550}.Release|x64.ActiveCfg = Release|Any CPU
		{8201AA0F-1658-4123-9F25-E1569C64B550}.Release|x64.Build.0 = Release|Any CPU
		{8201AA0F-1658-4123-9F25-E1569C64B550}.Release|x86.ActiveCfg = Release|Any CPU
		{8201AA0F-1658-4123-9F25-E1569C64B550}.Release|x86.Build.0 = Release|Any CPU
	EndGlobalSection
	GlobalSection(SolutionProperties) = preSolution
		HideSolutionNode = FALSE
	EndGlobalSection
	GlobalSection(NestedProjects) = preSolution
		{F4BB7C91-6678-43DF-9764-EE5AB7F9A0B8} = {827E0CD3-B72D-47B6-A68D-7590B98EB39B}
		{C962D2A9-2E1B-400C-92B8-1C315B0A5A53} = {827E0CD3-B72D-47B6-A68D-7590B98EB39B}
		{8478C883-66ED-4B7D-9180-B604F21EE40B} = {827E0CD3-B72D-47B6-A68D-7590B98EB39B}
		{06C4FD13-8175-44F3-BAF0-DB3BC82ED02F} = {827E0CD3-B72D-47B6-A68D-7590B98EB39B}
		{0D5FAA66-81CF-4163-8DCB-6C90364347E5} = {827E0CD3-B72D-47B6-A68D-7590B98EB39B}
		{8201AA0F-1658-4123-9F25-E1569C64B550} = {827E0CD3-B72D-47B6-A68D-7590B98EB39B}
	EndGlobalSection
EndGlobal
